PODS:
  - FantasticDisplay (1.0.0)

DEPENDENCIES:
  - FantasticDisplay (from `../../`)

EXTERNAL SOURCES:
  FantasticDisplay:
    :path: "../../"

SPEC CHECKSUMS:
  FantasticDisplay: 14959a3e1a36462988764d87e29e93e86d4244ca

PODFILE CHECKSUM: 2c169b4a82486ce7086d7dc8347eec44e20e73fc

COCOAPODS: 1.7.0.beta.3
